
Microsoft Visual Studio Solution File, Format Version 9.00
# Visual Studio 2005
# SharpDevelop 2.2.1.2648
Project("{FAE04EC0-301F-11D3-BF4B-00C04F79EFBC}") = "MscXmiExport", "MscXmiExport.csproj", "{A2752B11-47A6-4B22-A2D4-C2A362BC53D5}"
EndProject
Global
	GlobalSection(SolutionConfigurationPlatforms) = preSolution
		Debug|Any CPU = Debug|Any CPU
		Release|Any CPU = Release|Any CPU
	EndGlobalSection
	GlobalSection(ProjectConfigurationPlatforms) = postSolution
		{A2752B11-47A6-4B22-A2D4-C2A362BC53D5}.Debug|Any CPU.Build.0 = Debug|Any CPU
		{A2752B11-47A6-4B22-A2D4-C2A362BC53D5}.Debug|Any CPU.ActiveCfg = Debug|Any CPU
		{A2752B11-47A6-4B22-A2D4-C2A362BC53D5}.Release|Any CPU.Build.0 = Release|Any CPU
		{A2752B11-47A6-4B22-A2D4-C2A362BC53D5}.Release|Any CPU.ActiveCfg = Release|Any CPU
	EndGlobalSection
EndGlobal
