
Microsoft Visual Studio Solution File, Format Version 9.00
# SharpDevelop 2.1.0.2017
Project("{FAE04EC0-301F-11D3-BF4B-00C04F79EFBC}") = "mscgen", "mscgen.csproj", "{1E11CDC2-B66A-497F-A8FA-213AB2AC7FEA}"
EndProject
Global
	GlobalSection(SolutionConfigurationPlatforms) = preSolution
		Debug|Any CPU = Debug|Any CPU
		Release|Any CPU = Release|Any CPU
	EndGlobalSection
	GlobalSection(ProjectConfigurationPlatforms) = postSolution
		{1E11CDC2-B66A-497F-A8FA-213AB2AC7FEA}.Debug|Any CPU.Build.0 = Debug|Any CPU
		{1E11CDC2-B66A-497F-A8FA-213AB2AC7FEA}.Debug|Any CPU.ActiveCfg = Debug|Any CPU
		{1E11CDC2-B66A-497F-A8FA-213AB2AC7FEA}.Release|Any CPU.Build.0 = Release|Any CPU
		{1E11CDC2-B66A-497F-A8FA-213AB2AC7FEA}.Release|Any CPU.ActiveCfg = Release|Any CPU
	EndGlobalSection
EndGlobal
